# THIS IS AN AUTOGENERATED FILE. DO NOT EDIT THIS FILE DIRECTLY.
# yarn lockfile v1


esbuild-wasm@0.12.8:
  version "0.12.8"
  resolved "https://registry.yarnpkg.com/esbuild-wasm/-/esbuild-wasm-0.12.8.tgz#65e24fedb95983bf6fde16b8dc5f20d3ad03845e"
  integrity sha512-tTybeper0p0baS6SiWuWbh02lUrRbDMRDbpma/U5H10AYCx6+Ypn/dg2GyG65SdJcil8uWp6JaFNh3bJ2xP1xg==
